{
  "name": "KosCare",
  "lockfileVersion": 3,
  "requires": true,
  "packages": {
    "": {
      "dependencies": {
        "jir": "^0.3.1"
      }
    },
    "node_modules/dayjs": {
      "version": "1.11.20",
      "resolved": "https://registry.npmjs.org/dayjs/-/dayjs-1.11.20.tgz",
      "integrity": "sha512-YbwwqR/uYpeoP4pu043q+LTDLFBLApUP6VxRihdfNTqu4ubqMlGDLd6ErXhEgsyvY0K6nCs7nggYumAN+9uEuQ==",
      "license": "MIT"
    },
    "node_modules/jir": {
      "version": "0.3.1",
      "resolved": "https://registry.npmjs.org/jir/-/jir-0.3.1.tgz",
      "integrity": "sha512-mfgtp1ZDBP3++30/uTAxEMRWDoOzjsnFwyePlRTu7xvAe0DVkRqbI7QX37n/OGI/6xilLwd8I7O/vNxnM9Mg+g==",
      "license": "ISC",
      "dependencies": {
        "dayjs": "^1.11.13",
        "zod": "^3.24.1"
      }
    },
    "node_modules/zod": {
      "version": "3.25.76",
      "resolved": "https://registry.npmjs.org/zod/-/zod-3.25.76.tgz",
      "integrity": "sha512-gzUt/qt81nXsFGKIFcC3YnfEAx5NkunCfnDlvuBSSFS02bcXu4Lmea0AFIUwbLWxWPx3d9p8S5QoaujKcNQxcQ==",
      "license": "MIT",
      "funding": {
        "url": "https://github.com/sponsors/colinhacks"
      }
    }
  }
}
